
Microsoft Visual Studio Solution File, Format Version 12.00
# Visual Studio Version 17
VisualStudioVersion = 17.7.34031.279
MinimumVisualStudioVersion = 10.0.40219.1
Project("{FAE04EC0-301F-11D3-BF4B-00C04F79EFBC}") = "Bai01_1", "Bai01_1\Bai01_1.csproj", "{BAE7E6CC-8200-4A24-A330-792D886CDD99}"
EndProject
Project("{FAE04EC0-301F-11D3-BF4B-00C04F79EFBC}") = "Bai02_1", "Bai02_1\Bai02_1.csproj", "{7AFEBA1A-986A-421D-996B-6064A943217E}"
EndProject
Project("{FAE04EC0-301F-11D3-BF4B-00C04F79EFBC}") = "Bai06_1", "Bai06_1\Bai06_1.csproj", "{7541192A-8A61-4D8B-9229-DD4E2CCD71E8}"
EndProject
Project("{FAE04EC0-301F-11D3-BF4B-00C04F79EFBC}") = "Bai07_1", "Bai07_1\Bai07_1.csproj", "{93E539AB-A7D0-476C-BDD6-B5FEA6D27C56}"
EndProject
Project("{FAE04EC0-301F-11D3-BF4B-00C04F79EFBC}") = "Bai03_1", "Bai03_1\Bai03_1.csproj", "{F3D48743-1221-421C-8B43-ED8B92EB0092}"
EndProject
Project("{FAE04EC0-301F-11D3-BF4B-00C04F79EFBC}") = "Bai05_1", "Bai05_1\Bai05_1.csproj", "{EE561059-E49C-4B36-B8E0-6EBB86FA2424}"
EndProject
Project("{FAE04EC0-301F-11D3-BF4B-00C04F79EFBC}") = "Bai04_1", "Bai04_1\Bai04_1.csproj", "{843B3CDC-8CC2-4759-9B0D-6EE336F56977}"
EndProject
Global
	GlobalSection(SolutionConfigurationPlatforms) = preSolution
		Debug|Any CPU = Debug|Any CPU
		Release|Any CPU = Release|Any CPU
	EndGlobalSection
	GlobalSection(ProjectConfigurationPlatforms) = postSolution
		{BAE7E6CC-8200-4A24-A330-792D886CDD99}.Debug|Any CPU.ActiveCfg = Debug|Any CPU
		{BAE7E6CC-8200-4A24-A330-792D886CDD99}.Debug|Any CPU.Build.0 = Debug|Any CPU
		{BAE7E6CC-8200-4A24-A330-792D886CDD99}.Release|Any CPU.ActiveCfg = Release|Any CPU
		{BAE7E6CC-8200-4A24-A330-792D886CDD99}.Release|Any CPU.Build.0 = Release|Any CPU
		{7AFEBA1A-986A-421D-996B-6064A943217E}.Debug|Any CPU.ActiveCfg = Debug|Any CPU
		{7AFEBA1A-986A-421D-996B-6064A943217E}.Debug|Any CPU.Build.0 = Debug|Any CPU
		{7AFEBA1A-986A-421D-996B-6064A943217E}.Release|Any CPU.ActiveCfg = Release|Any CPU
		{7AFEBA1A-986A-421D-996B-6064A943217E}.Release|Any CPU.Build.0 = Release|Any CPU
		{7541192A-8A61-4D8B-9229-DD4E2CCD71E8}.Debug|Any CPU.ActiveCfg = Debug|Any CPU
		{7541192A-8A61-4D8B-9229-DD4E2CCD71E8}.Debug|Any CPU.Build.0 = Debug|Any CPU
		{7541192A-8A61-4D8B-9229-DD4E2CCD71E8}.Release|Any CPU.ActiveCfg = Release|Any CPU
		{7541192A-8A61-4D8B-9229-DD4E2CCD71E8}.Release|Any CPU.Build.0 = Release|Any CPU
		{93E539AB-A7D0-476C-BDD6-B5FEA6D27C56}.Debug|Any CPU.ActiveCfg = Debug|Any CPU
		{93E539AB-A7D0-476C-BDD6-B5FEA6D27C56}.Debug|Any CPU.Build.0 = Debug|Any CPU
		{93E539AB-A7D0-476C-BDD6-B5FEA6D27C56}.Release|Any CPU.ActiveCfg = Release|Any CPU
		{93E539AB-A7D0-476C-BDD6-B5FEA6D27C56}.Release|Any CPU.Build.0 = Release|Any CPU
		{F3D48743-1221-421C-8B43-ED8B92EB0092}.Debug|Any CPU.ActiveCfg = Debug|Any CPU
		{F3D48743-1221-421C-8B43-ED8B92EB0092}.Debug|Any CPU.Build.0 = Debug|Any CPU
		{F3D48743-1221-421C-8B43-ED8B92EB0092}.Release|Any CPU.ActiveCfg = Release|Any CPU
		{F3D48743-1221-421C-8B43-ED8B92EB0092}.Release|Any CPU.Build.0 = Release|Any CPU
		{EE561059-E49C-4B36-B8E0-6EBB86FA2424}.Debug|Any CPU.ActiveCfg = Debug|Any CPU
		{EE561059-E49C-4B36-B8E0-6EBB86FA2424}.Debug|Any CPU.Build.0 = Debug|Any CPU
		{EE561059-E49C-4B36-B8E0-6EBB86FA2424}.Release|Any CPU.ActiveCfg = Release|Any CPU
		{EE561059-E49C-4B36-B8E0-6EBB86FA2424}.Release|Any CPU.Build.0 = Release|Any CPU
		{843B3CDC-8CC2-4759-9B0D-6EE336F56977}.Debug|Any CPU.ActiveCfg = Debug|Any CPU
		{843B3CDC-8CC2-4759-9B0D-6EE336F56977}.Debug|Any CPU.Build.0 = Debug|Any CPU
		{843B3CDC-8CC2-4759-9B0D-6EE336F56977}.Release|Any CPU.ActiveCfg = Release|Any CPU
		{843B3CDC-8CC2-4759-9B0D-6EE336F56977}.Release|Any CPU.Build.0 = Release|Any CPU
	EndGlobalSection
	GlobalSection(SolutionProperties) = preSolution
		HideSolutionNode = FALSE
	EndGlobalSection
	GlobalSection(ExtensibilityGlobals) = postSolution
		SolutionGuid = {9262B491-225F-489F-8F1F-5D5C6D38FFDF}
	EndGlobalSection
EndGlobal
