
Microsoft Visual Studio Solution File, Format Version 12.00
# Visual Studio Version 17
VisualStudioVersion = 17.7.34031.279
MinimumVisualStudioVersion = 10.0.40219.1
Project("{FAE04EC0-301F-11D3-BF4B-00C04F79EFBC}") = "Bai01_1", "Bai01_1\Bai01_1.csproj", "{BAE7E6CC-8200-4A24-A330-792D886CDD99}"
EndProject
Project("{FAE04EC0-301F-11D3-BF4B-00C04F79EFBC}") = "Bai02_1", "Bai02_1\Bai02_1.csproj", "{7AFEBA1A-986A-421D-996B-6064A943217E}"
EndProject
Project("{FAE04EC0-301F-11D3-BF4B-00C04F79EFBC}") = "Bai06_1", "Bai06_1\Bai06_1.csproj", "{7541192A-8A61-4D8B-9229-DD4E2CCD71E8}"
EndProject
Project("{FAE04EC0-301F-11D3-BF4B-00C04F79EFBC}") = "Bai07_1", "Bai07_1\Bai07_1.csproj", "{93E539AB-A7D0-476C-BDD6-B5FEA6D27C56}"
EndProject
Project("{FAE04EC0-301F-11D3-BF4B-00C04F79EFBC}") = "Bai03_1", "Bai03_1\Bai03_1.csproj", "{F3D48743-1221-421C-8B43-ED8B92EB0092}"
EndProject
Project("{FAE04EC0-301F-11D3-BF4B-00C04F79EFBC}") = "Bai05_1", "Bai05_1\Bai05_1.csproj", "{EE561059-E49C-4B36-B8E0-6EBB86FA2424}"
EndProject
Project("{FAE04EC0-301F-11D3-BF4B-00C04F79EFBC}") = "Bai04_1", "Bai04_1\Bai04_1.csproj", "{843B3CDC-8CC2-4759-9B0D-6EE336F56977}"
EndProject
Project("{FAE04EC0-301F-11D3-BF4B-00C04F79EFBC}") = "Buoi02_1", "Buoi02_1\Buoi02_1.csproj", "{142A8CAD-A964-40EC-BF72-487CFCF64016}"
EndProject
Project("{FAE04EC0-301F-11D3-BF4B-00C04F79EFBC}") = "Buoi02_2", "Buoi02_2\Buoi02_2.csproj", "{C79B24E8-1E24-4FD1-B2BE-C30C6AAC7DE5}"
EndProject
Project("{FAE04EC0-301F-11D3-BF4B-00C04F79EFBC}") = "Buoi02_3", "Buoi02_3\Buoi02_3.csproj", "{8BF65D67-6BE7-452A-9F68-2D0309FE1CF5}"
EndProject
Project("{FAE04EC0-301F-11D3-BF4B-00C04F79EFBC}") = "Buoi03_1", "Buoi03_1\Buoi03_1.csproj", "{2F077782-6B13-461D-A34E-B9EE9CCECE2A}"
EndProject
Project("{FAE04EC0-301F-11D3-BF4B-00C04F79EFBC}") = "Buoi03_2", "Buoi03_2\Buoi03_2.csproj", "{FB8DFFC6-0538-4940-926D-43A671F087AA}"
EndProject
Project("{FAE04EC0-301F-11D3-BF4B-00C04F79EFBC}") = "Buoi03_BTVN", "Buoi03_BTVN\Buoi03_BTVN.csproj", "{8A21503C-7D09-4E30-8A11-79E209CADA92}"
EndProject
Project("{FAE04EC0-301F-11D3-BF4B-00C04F79EFBC}") = "Buoi03_4", "Buoi03_4\Buoi03_4.csproj", "{869237CA-2834-4782-92BA-ACC518A67355}"
EndProject
Project("{FAE04EC0-301F-11D3-BF4B-00C04F79EFBC}") = "Buoi03_02gd2", "Buoi03_02gd2\Buoi03_02gd2.csproj", "{508AF61B-1142-4D58-9B88-D7D3BC84E1E6}"
EndProject
Project("{FAE04EC0-301F-11D3-BF4B-00C04F79EFBC}") = "Buoi04_1", "Buoi04_1\Buoi04_1.csproj", "{62C9745C-3121-4D86-93F0-C982C9D18B3E}"
EndProject
Project("{FAE04EC0-301F-11D3-BF4B-00C04F79EFBC}") = "Buoi04_2", "Buoi04_2\Buoi04_2.csproj", "{236C3C10-CCBE-464A-B639-A3675E4EEAD0}"
EndProject
Project("{FAE04EC0-301F-11D3-BF4B-00C04F79EFBC}") = "Buoi04_5", "Buoi04_5\Buoi04_5.csproj", "{6C830EAA-4D62-442A-AFC3-AA5F807FE282}"
EndProject
Project("{FAE04EC0-301F-11D3-BF4B-00C04F79EFBC}") = "Buoi04_4", "Buoi04_4\Buoi04_4.csproj", "{87A7F135-BA3F-482F-9C82-0C92A664EF54}"
EndProject
Project("{FAE04EC0-301F-11D3-BF4B-00C04F79EFBC}") = "Buoi05_1", "Buoi05_1\Buoi05_1.csproj", "{B125A9EB-67E8-4F15-9F0A-08EF9D7063AA}"
EndProject
Project("{FAE04EC0-301F-11D3-BF4B-00C04F79EFBC}") = "Buoi05_2", "Buoi05_2\Buoi05_2.csproj", "{D69D77A1-A45C-485B-8C7D-93E439FDD8CD}"
EndProject
Project("{FAE04EC0-301F-11D3-BF4B-00C04F79EFBC}") = "Buoi05_3", "Buoi05_3\Buoi05_3.csproj", "{3C72EDBC-42C2-4D3E-B3D9-65D1DBE628CA}"
EndProject
Global
	GlobalSection(SolutionConfigurationPlatforms) = preSolution
		Debug|Any CPU = Debug|Any CPU
		Release|Any CPU = Release|Any CPU
	EndGlobalSection
	GlobalSection(ProjectConfigurationPlatforms) = postSolution
		{BAE7E6CC-8200-4A24-A330-792D886CDD99}.Debug|Any CPU.ActiveCfg = Debug|Any CPU
		{BAE7E6CC-8200-4A24-A330-792D886CDD99}.Debug|Any CPU.Build.0 = Debug|Any CPU
		{BAE7E6CC-8200-4A24-A330-792D886CDD99}.Release|Any CPU.ActiveCfg = Release|Any CPU
		{BAE7E6CC-8200-4A24-A330-792D886CDD99}.Release|Any CPU.Build.0 = Release|Any CPU
		{7AFEBA1A-986A-421D-996B-6064A943217E}.Debug|Any CPU.ActiveCfg = Debug|Any CPU
		{7AFEBA1A-986A-421D-996B-6064A943217E}.Debug|Any CPU.Build.0 = Debug|Any CPU
		{7AFEBA1A-986A-421D-996B-6064A943217E}.Release|Any CPU.ActiveCfg = Release|Any CPU
		{7AFEBA1A-986A-421D-996B-6064A943217E}.Release|Any CPU.Build.0 = Release|Any CPU
		{7541192A-8A61-4D8B-9229-DD4E2CCD71E8}.Debug|Any CPU.ActiveCfg = Debug|Any CPU
		{7541192A-8A61-4D8B-9229-DD4E2CCD71E8}.Debug|Any CPU.Build.0 = Debug|Any CPU
		{7541192A-8A61-4D8B-9229-DD4E2CCD71E8}.Release|Any CPU.ActiveCfg = Release|Any CPU
		{7541192A-8A61-4D8B-9229-DD4E2CCD71E8}.Release|Any CPU.Build.0 = Release|Any CPU
		{93E539AB-A7D0-476C-BDD6-B5FEA6D27C56}.Debug|Any CPU.ActiveCfg = Debug|Any CPU
		{93E539AB-A7D0-476C-BDD6-B5FEA6D27C56}.Debug|Any CPU.Build.0 = Debug|Any CPU
		{93E539AB-A7D0-476C-BDD6-B5FEA6D27C56}.Release|Any CPU.ActiveCfg = Release|Any CPU
		{93E539AB-A7D0-476C-BDD6-B5FEA6D27C56}.Release|Any CPU.Build.0 = Release|Any CPU
		{F3D48743-1221-421C-8B43-ED8B92EB0092}.Debug|Any CPU.ActiveCfg = Debug|Any CPU
		{F3D48743-1221-421C-8B43-ED8B92EB0092}.Debug|Any CPU.Build.0 = Debug|Any CPU
		{F3D48743-1221-421C-8B43-ED8B92EB0092}.Release|Any CPU.ActiveCfg = Release|Any CPU
		{F3D48743-1221-421C-8B43-ED8B92EB0092}.Release|Any CPU.Build.0 = Release|Any CPU
		{EE561059-E49C-4B36-B8E0-6EBB86FA2424}.Debug|Any CPU.ActiveCfg = Debug|Any CPU
		{EE561059-E49C-4B36-B8E0-6EBB86FA2424}.Debug|Any CPU.Build.0 = Debug|Any CPU
		{EE561059-E49C-4B36-B8E0-6EBB86FA2424}.Release|Any CPU.ActiveCfg = Release|Any CPU
		{EE561059-E49C-4B36-B8E0-6EBB86FA2424}.Release|Any CPU.Build.0 = Release|Any CPU
		{843B3CDC-8CC2-4759-9B0D-6EE336F56977}.Debug|Any CPU.ActiveCfg = Debug|Any CPU
		{843B3CDC-8CC2-4759-9B0D-6EE336F56977}.Debug|Any CPU.Build.0 = Debug|Any CPU
		{843B3CDC-8CC2-4759-9B0D-6EE336F56977}.Release|Any CPU.ActiveCfg = Release|Any CPU
		{843B3CDC-8CC2-4759-9B0D-6EE336F56977}.Release|Any CPU.Build.0 = Release|Any CPU
		{142A8CAD-A964-40EC-BF72-487CFCF64016}.Debug|Any CPU.ActiveCfg = Debug|Any CPU
		{142A8CAD-A964-40EC-BF72-487CFCF64016}.Debug|Any CPU.Build.0 = Debug|Any CPU
		{142A8CAD-A964-40EC-BF72-487CFCF64016}.Release|Any CPU.ActiveCfg = Release|Any CPU
		{142A8CAD-A964-40EC-BF72-487CFCF64016}.Release|Any CPU.Build.0 = Release|Any CPU
		{C79B24E8-1E24-4FD1-B2BE-C30C6AAC7DE5}.Debug|Any CPU.ActiveCfg = Debug|Any CPU
		{C79B24E8-1E24-4FD1-B2BE-C30C6AAC7DE5}.Debug|Any CPU.Build.0 = Debug|Any CPU
		{C79B24E8-1E24-4FD1-B2BE-C30C6AAC7DE5}.Release|Any CPU.ActiveCfg = Release|Any CPU
		{C79B24E8-1E24-4FD1-B2BE-C30C6AAC7DE5}.Release|Any CPU.Build.0 = Release|Any CPU
		{8BF65D67-6BE7-452A-9F68-2D0309FE1CF5}.Debug|Any CPU.ActiveCfg = Debug|Any CPU
		{8BF65D67-6BE7-452A-9F68-2D0309FE1CF5}.Debug|Any CPU.Build.0 = Debug|Any CPU
		{8BF65D67-6BE7-452A-9F68-2D0309FE1CF5}.Release|Any CPU.ActiveCfg = Release|Any CPU
		{8BF65D67-6BE7-452A-9F68-2D0309FE1CF5}.Release|Any CPU.Build.0 = Release|Any CPU
		{2F077782-6B13-461D-A34E-B9EE9CCECE2A}.Debug|Any CPU.ActiveCfg = Debug|Any CPU
		{2F077782-6B13-461D-A34E-B9EE9CCECE2A}.Debug|Any CPU.Build.0 = Debug|Any CPU
		{2F077782-6B13-461D-A34E-B9EE9CCECE2A}.Release|Any CPU.ActiveCfg = Release|Any CPU
		{2F077782-6B13-461D-A34E-B9EE9CCECE2A}.Release|Any CPU.Build.0 = Release|Any CPU
		{FB8DFFC6-0538-4940-926D-43A671F087AA}.Debug|Any CPU.ActiveCfg = Debug|Any CPU
		{FB8DFFC6-0538-4940-926D-43A671F087AA}.Debug|Any CPU.Build.0 = Debug|Any CPU
		{FB8DFFC6-0538-4940-926D-43A671F087AA}.Release|Any CPU.ActiveCfg = Release|Any CPU
		{FB8DFFC6-0538-4940-926D-43A671F087AA}.Release|Any CPU.Build.0 = Release|Any CPU
		{8A21503C-7D09-4E30-8A11-79E209CADA92}.Debug|Any CPU.ActiveCfg = Debug|Any CPU
		{8A21503C-7D09-4E30-8A11-79E209CADA92}.Debug|Any CPU.Build.0 = Debug|Any CPU
		{8A21503C-7D09-4E30-8A11-79E209CADA92}.Release|Any CPU.ActiveCfg = Release|Any CPU
		{8A21503C-7D09-4E30-8A11-79E209CADA92}.Release|Any CPU.Build.0 = Release|Any CPU
		{869237CA-2834-4782-92BA-ACC518A67355}.Debug|Any CPU.ActiveCfg = Debug|Any CPU
		{869237CA-2834-4782-92BA-ACC518A67355}.Debug|Any CPU.Build.0 = Debug|Any CPU
		{869237CA-2834-4782-92BA-ACC518A67355}.Release|Any CPU.ActiveCfg = Release|Any CPU
		{869237CA-2834-4782-92BA-ACC518A67355}.Release|Any CPU.Build.0 = Release|Any CPU
		{508AF61B-1142-4D58-9B88-D7D3BC84E1E6}.Debug|Any CPU.ActiveCfg = Debug|Any CPU
		{508AF61B-1142-4D58-9B88-D7D3BC84E1E6}.Debug|Any CPU.Build.0 = Debug|Any CPU
		{508AF61B-1142-4D58-9B88-D7D3BC84E1E6}.Release|Any CPU.ActiveCfg = Release|Any CPU
		{508AF61B-1142-4D58-9B88-D7D3BC84E1E6}.Release|Any CPU.Build.0 = Release|Any CPU
		{62C9745C-3121-4D86-93F0-C982C9D18B3E}.Debug|Any CPU.ActiveCfg = Debug|Any CPU
		{62C9745C-3121-4D86-93F0-C982C9D18B3E}.Debug|Any CPU.Build.0 = Debug|Any CPU
		{62C9745C-3121-4D86-93F0-C982C9D18B3E}.Release|Any CPU.ActiveCfg = Release|Any CPU
		{62C9745C-3121-4D86-93F0-C982C9D18B3E}.Release|Any CPU.Build.0 = Release|Any CPU
		{236C3C10-CCBE-464A-B639-A3675E4EEAD0}.Debug|Any CPU.ActiveCfg = Debug|Any CPU
		{236C3C10-CCBE-464A-B639-A3675E4EEAD0}.Debug|Any CPU.Build.0 = Debug|Any CPU
		{236C3C10-CCBE-464A-B639-A3675E4EEAD0}.Release|Any CPU.ActiveCfg = Release|Any CPU
		{236C3C10-CCBE-464A-B639-A3675E4EEAD0}.Release|Any CPU.Build.0 = Release|Any CPU
		{6C830EAA-4D62-442A-AFC3-AA5F807FE282}.Debug|Any CPU.ActiveCfg = Debug|Any CPU
		{6C830EAA-4D62-442A-AFC3-AA5F807FE282}.Debug|Any CPU.Build.0 = Debug|Any CPU
		{6C830EAA-4D62-442A-AFC3-AA5F807FE282}.Release|Any CPU.ActiveCfg = Release|Any CPU
		{6C830EAA-4D62-442A-AFC3-AA5F807FE282}.Release|Any CPU.Build.0 = Release|Any CPU
		{87A7F135-BA3F-482F-9C82-0C92A664EF54}.Debug|Any CPU.ActiveCfg = Debug|Any CPU
		{87A7F135-BA3F-482F-9C82-0C92A664EF54}.Debug|Any CPU.Build.0 = Debug|Any CPU
		{87A7F135-BA3F-482F-9C82-0C92A664EF54}.Release|Any CPU.ActiveCfg = Release|Any CPU
		{87A7F135-BA3F-482F-9C82-0C92A664EF54}.Release|Any CPU.Build.0 = Release|Any CPU
		{B125A9EB-67E8-4F15-9F0A-08EF9D7063AA}.Debug|Any CPU.ActiveCfg = Debug|Any CPU
		{B125A9EB-67E8-4F15-9F0A-08EF9D7063AA}.Debug|Any CPU.Build.0 = Debug|Any CPU
		{B125A9EB-67E8-4F15-9F0A-08EF9D7063AA}.Release|Any CPU.ActiveCfg = Release|Any CPU
		{B125A9EB-67E8-4F15-9F0A-08EF9D7063AA}.Release|Any CPU.Build.0 = Release|Any CPU
		{D69D77A1-A45C-485B-8C7D-93E439FDD8CD}.Debug|Any CPU.ActiveCfg = Debug|Any CPU
		{D69D77A1-A45C-485B-8C7D-93E439FDD8CD}.Debug|Any CPU.Build.0 = Debug|Any CPU
		{D69D77A1-A45C-485B-8C7D-93E439FDD8CD}.Release|Any CPU.ActiveCfg = Release|Any CPU
		{D69D77A1-A45C-485B-8C7D-93E439FDD8CD}.Release|Any CPU.Build.0 = Release|Any CPU
		{3C72EDBC-42C2-4D3E-B3D9-65D1DBE628CA}.Debug|Any CPU.ActiveCfg = Debug|Any CPU
		{3C72EDBC-42C2-4D3E-B3D9-65D1DBE628CA}.Debug|Any CPU.Build.0 = Debug|Any CPU
		{3C72EDBC-42C2-4D3E-B3D9-65D1DBE628CA}.Release|Any CPU.ActiveCfg = Release|Any CPU
		{3C72EDBC-42C2-4D3E-B3D9-65D1DBE628CA}.Release|Any CPU.Build.0 = Release|Any CPU
	EndGlobalSection
	GlobalSection(SolutionProperties) = preSolution
		HideSolutionNode = FALSE
	EndGlobalSection
	GlobalSection(ExtensibilityGlobals) = postSolution
		SolutionGuid = {9262B491-225F-489F-8F1F-5D5C6D38FFDF}
	EndGlobalSection
EndGlobal
